// !$*UTF8*$!
{
	archiveVersion = 1;
	classes = {
	};
	objectVersion = 56;
	objects = {

/* Begin PBXBuildFile section */
		F80E71402A854914003A3D9C /* MySparCloneApp.swift in Sources */ = {isa = PBXBuildFile; fileRef = F80E713F2A854914003A3D9C /* MySparCloneApp.swift */; };
		F80E71422A854914003A3D9C /* HomeView.swift in Sources */ = {isa = PBXBuildFile; fileRef = F80E71412A854914003A3D9C /* HomeView.swift */; };
		F80E71442A854915003A3D9C /* Assets.xcassets in Resources */ = {isa = PBXBuildFile; fileRef = F80E71432A854915003A3D9C /* Assets.xcassets */; };
		F80E71472A854915003A3D9C /* Preview Assets.xcassets in Resources */ = {isa = PBXBuildFile; fileRef = F80E71462A854915003A3D9C /* Preview Assets.xcassets */; };
		F80E71502A85496B003A3D9C /* Header.swift in Sources */ = {isa = PBXBuildFile; fileRef = F80E714F2A85496B003A3D9C /* Header.swift */; };
		F80E71532A8551EC003A3D9C /* CircleComponent.swift in Sources */ = {isa = PBXBuildFile; fileRef = F80E71522A8551EC003A3D9C /* CircleComponent.swift */; };
		F80E71572A855924003A3D9C /* StoriesView.swift in Sources */ = {isa = PBXBuildFile; fileRef = F80E71562A855924003A3D9C /* StoriesView.swift */; };
		F80E71592A855966003A3D9C /* NavTabView.swift in Sources */ = {isa = PBXBuildFile; fileRef = F80E71582A855966003A3D9C /* NavTabView.swift */; };
		F80E715B2A855BD8003A3D9C /* RectangleComponent.swift in Sources */ = {isa = PBXBuildFile; fileRef = F80E715A2A855BD8003A3D9C /* RectangleComponent.swift */; };
		F80E715D2A855DC9003A3D9C /* PromotionsView.swift in Sources */ = {isa = PBXBuildFile; fileRef = F80E715C2A855DC9003A3D9C /* PromotionsView.swift */; };
		F80E71602A85635D003A3D9C /* PointsBannerView.swift in Sources */ = {isa = PBXBuildFile; fileRef = F80E715F2A85635D003A3D9C /* PointsBannerView.swift */; };
		F8A12D162A856C84009EF9CE /* SmallPromoComponent.swift in Sources */ = {isa = PBXBuildFile; fileRef = F8A12D152A856C84009EF9CE /* SmallPromoComponent.swift */; };
		F8A12D192A856CBA009EF9CE /* Color.swift in Sources */ = {isa = PBXBuildFile; fileRef = F8A12D182A856CBA009EF9CE /* Color.swift */; };
		F8A12D1B2A8570FB009EF9CE /* SmallPromoView.swift in Sources */ = {isa = PBXBuildFile; fileRef = F8A12D1A2A8570FB009EF9CE /* SmallPromoView.swift */; };
		F8A12D1D2A857B40009EF9CE /* ProductComponent.swift in Sources */ = {isa = PBXBuildFile; fileRef = F8A12D1C2A857B40009EF9CE /* ProductComponent.swift */; };
		F8A12D1F2A858429009EF9CE /* SweetOfferView.swift in Sources */ = {isa = PBXBuildFile; fileRef = F8A12D1E2A858429009EF9CE /* SweetOfferView.swift */; };
		F8A12D212A858DDB009EF9CE /* GeometryReader.swift in Sources */ = {isa = PBXBuildFile; fileRef = F8A12D202A858DDB009EF9CE /* GeometryReader.swift */; };
		F8A12D232A859214009EF9CE /* RecomendationsView.swift in Sources */ = {isa = PBXBuildFile; fileRef = F8A12D222A859214009EF9CE /* RecomendationsView.swift */; };
/* End PBXBuildFile section */

/* Begin PBXFileReference section */
		F80E713C2A854914003A3D9C /* MySparClone.app */ = {isa = PBXFileReference; explicitFileType = wrapper.application; includeInIndex = 0; path = MySparClone.app; sourceTree = BUILT_PRODUCTS_DIR; };
		F80E713F2A854914003A3D9C /* MySparCloneApp.swift */ = {isa = PBXFileReference; lastKnownFileType = sourcecode.swift; path = MySparCloneApp.swift; sourceTree = "<group>"; };
		F80E71412A854914003A3D9C /* HomeView.swift */ = {isa = PBXFileReference; lastKnownFileType = sourcecode.swift; path = HomeView.swift; sourceTree = "<group>"; };
		F80E71432A854915003A3D9C /* Assets.xcassets */ = {isa = PBXFileReference; lastKnownFileType = folder.assetcatalog; path = Assets.xcassets; sourceTree = "<group>"; };
		F80E71462A854915003A3D9C /* Preview Assets.xcassets */ = {isa = PBXFileReference; lastKnownFileType = folder.assetcatalog; path = "Preview Assets.xcassets"; sourceTree = "<group>"; };
		F80E714F2A85496B003A3D9C /* Header.swift */ = {isa = PBXFileReference; lastKnownFileType = sourcecode.swift; path = Header.swift; sourceTree = "<group>"; };
		F80E71522A8551EC003A3D9C /* CircleComponent.swift */ = {isa = PBXFileReference; lastKnownFileType = sourcecode.swift; path = CircleComponent.swift; sourceTree = "<group>"; };
		F80E71562A855924003A3D9C /* StoriesView.swift */ = {isa = PBXFileReference; lastKnownFileType = sourcecode.swift; path = StoriesView.swift; sourceTree = "<group>"; };
		F80E71582A855966003A3D9C /* NavTabView.swift */ = {isa = PBXFileReference; lastKnownFileType = sourcecode.swift; path = NavTabView.swift; sourceTree = "<group>"; };
		F80E715A2A855BD8003A3D9C /* RectangleComponent.swift */ = {isa = PBXFileReference; lastKnownFileType = sourcecode.swift; path = RectangleComponent.swift; sourceTree = "<group>"; };
		F80E715C2A855DC9003A3D9C /* PromotionsView.swift */ = {isa = PBXFileReference; lastKnownFileType = sourcecode.swift; path = PromotionsView.swift; sourceTree = "<group>"; };
		F80E715F2A85635D003A3D9C /* PointsBannerView.swift */ = {isa = PBXFileReference; lastKnownFileType = sourcecode.swift; path = PointsBannerView.swift; sourceTree = "<group>"; };
		F8A12D152A856C84009EF9CE /* SmallPromoComponent.swift */ = {isa = PBXFileReference; lastKnownFileType = sourcecode.swift; path = SmallPromoComponent.swift; sourceTree = "<group>"; };
		F8A12D182A856CBA009EF9CE /* Color.swift */ = {isa = PBXFileReference; lastKnownFileType = sourcecode.swift; path = Color.swift; sourceTree = "<group>"; };
		F8A12D1A2A8570FB009EF9CE /* SmallPromoView.swift */ = {isa = PBXFileReference; lastKnownFileType = sourcecode.swift; path = SmallPromoView.swift; sourceTree = "<group>"; };
		F8A12D1C2A857B40009EF9CE /* ProductComponent.swift */ = {isa = PBXFileReference; lastKnownFileType = sourcecode.swift; path = ProductComponent.swift; sourceTree = "<group>"; };
		F8A12D1E2A858429009EF9CE /* SweetOfferView.swift */ = {isa = PBXFileReference; lastKnownFileType = sourcecode.swift; path = SweetOfferView.swift; sourceTree = "<group>"; };
		F8A12D202A858DDB009EF9CE /* GeometryReader.swift */ = {isa = PBXFileReference; lastKnownFileType = sourcecode.swift; path = GeometryReader.swift; sourceTree = "<group>"; };
		F8A12D222A859214009EF9CE /* RecomendationsView.swift */ = {isa = PBXFileReference; lastKnownFileType = sourcecode.swift; path = RecomendationsView.swift; sourceTree = "<group>"; };
/* End PBXFileReference section */

/* Begin PBXFrameworksBuildPhase section */
		F80E71392A854914003A3D9C /* Frameworks */ = {
			isa = PBXFrameworksBuildPhase;
			buildActionMask = 2147483647;
			files = (
			);
			runOnlyForDeploymentPostprocessing = 0;
		};
/* End PBXFrameworksBuildPhase section */

/* Begin PBXGroup section */
		F80E71332A854914003A3D9C = {
			isa = PBXGroup;
			children = (
				F80E713E2A854914003A3D9C /* MySparClone */,
				F80E713D2A854914003A3D9C /* Products */,
			);
			sourceTree = "<group>";
		};
		F80E713D2A854914003A3D9C /* Products */ = {
			isa = PBXGroup;
			children = (
				F80E713C2A854914003A3D9C /* MySparClone.app */,
			);
			name = Products;
			sourceTree = "<group>";
		};
		F80E713E2A854914003A3D9C /* MySparClone */ = {
			isa = PBXGroup;
			children = (
				F80E714D2A85493D003A3D9C /* App */,
				F8A12D172A856CAB009EF9CE /* Extensions */,
				F80E71512A8551D0003A3D9C /* Components */,
				F80E714E2A854940003A3D9C /* Views */,
				F80E71412A854914003A3D9C /* HomeView.swift */,
				F80E71432A854915003A3D9C /* Assets.xcassets */,
				F80E71452A854915003A3D9C /* Preview Content */,
			);
			path = MySparClone;
			sourceTree = "<group>";
		};
		F80E71452A854915003A3D9C /* Preview Content */ = {
			isa = PBXGroup;
			children = (
				F80E71462A854915003A3D9C /* Preview Assets.xcassets */,
			);
			path = "Preview Content";
			sourceTree = "<group>";
		};
		F80E714D2A85493D003A3D9C /* App */ = {
			isa = PBXGroup;
			children = (
				F80E713F2A854914003A3D9C /* MySparCloneApp.swift */,
			);
			path = App;
			sourceTree = "<group>";
		};
		F80E714E2A854940003A3D9C /* Views */ = {
			isa = PBXGroup;
			children = (
				F80E715E2A855DD0003A3D9C /* ScrollViews */,
				F80E714F2A85496B003A3D9C /* Header.swift */,
				F80E71582A855966003A3D9C /* NavTabView.swift */,
				F80E715F2A85635D003A3D9C /* PointsBannerView.swift */,
			);
			path = Views;
			sourceTree = "<group>";
		};
		F80E71512A8551D0003A3D9C /* Components */ = {
			isa = PBXGroup;
			children = (
				F80E71522A8551EC003A3D9C /* CircleComponent.swift */,
				F80E715A2A855BD8003A3D9C /* RectangleComponent.swift */,
				F8A12D152A856C84009EF9CE /* SmallPromoComponent.swift */,
				F8A12D1C2A857B40009EF9CE /* ProductComponent.swift */,
			);
			path = Components;
			sourceTree = "<group>";
		};
		F80E715E2A855DD0003A3D9C /* ScrollViews */ = {
			isa = PBXGroup;
			children = (
				F80E715C2A855DC9003A3D9C /* PromotionsView.swift */,
				F80E71562A855924003A3D9C /* StoriesView.swift */,
				F8A12D1A2A8570FB009EF9CE /* SmallPromoView.swift */,
				F8A12D1E2A858429009EF9CE /* SweetOfferView.swift */,
				F8A12D222A859214009EF9CE /* RecomendationsView.swift */,
			);
			path = ScrollViews;
			sourceTree = "<group>";
		};
		F8A12D172A856CAB009EF9CE /* Extensions */ = {
			isa = PBXGroup;
			children = (
				F8A12D182A856CBA009EF9CE /* Color.swift */,
				F8A12D202A858DDB009EF9CE /* GeometryReader.swift */,
			);
			path = Extensions;
			sourceTree = "<group>";
		};
/* End PBXGroup section */

/* Begin PBXNativeTarget section */
		F80E713B2A854914003A3D9C /* MySparClone */ = {
			isa = PBXNativeTarget;
			buildConfigurationList = F80E714A2A854915003A3D9C /* Build configuration list for PBXNativeTarget "MySparClone" */;
			buildPhases = (
				F80E71382A854914003A3D9C /* Sources */,
				F80E71392A854914003A3D9C /* Frameworks */,
				F80E713A2A854914003A3D9C /* Resources */,
			);
			buildRules = (
			);
			dependencies = (
			);
			name = MySparClone;
			productName = MySparClone;
			productReference = F80E713C2A854914003A3D9C /* MySparClone.app */;
			productType = "com.apple.product-type.application";
		};
/* End PBXNativeTarget section */

/* Begin PBXProject section */
		F80E71342A854914003A3D9C /* Project object */ = {
			isa = PBXProject;
			attributes = {
				BuildIndependentTargetsInParallel = 1;
				LastSwiftUpdateCheck = 1430;
				LastUpgradeCheck = 1430;
				TargetAttributes = {
					F80E713B2A854914003A3D9C = {
						CreatedOnToolsVersion = 14.3.1;
					};
				};
			};
			buildConfigurationList = F80E71372A854914003A3D9C /* Build configuration list for PBXProject "MySparClone" */;
			compatibilityVersion = "Xcode 14.0";
			developmentRegion = en;
			hasScannedForEncodings = 0;
			knownRegions = (
				en,
				Base,
			);
			mainGroup = F80E71332A854914003A3D9C;
			productRefGroup = F80E713D2A854914003A3D9C /* Products */;
			projectDirPath = "";
			projectRoot = "";
			targets = (
				F80E713B2A854914003A3D9C /* MySparClone */,
			);
		};
/* End PBXProject section */

/* Begin PBXResourcesBuildPhase section */
		F80E713A2A854914003A3D9C /* Resources */ = {
			isa = PBXResourcesBuildPhase;
			buildActionMask = 2147483647;
			files = (
				F80E71472A854915003A3D9C /* Preview Assets.xcassets in Resources */,
				F80E71442A854915003A3D9C /* Assets.xcassets in Resources */,
			);
			runOnlyForDeploymentPostprocessing = 0;
		};
/* End PBXResourcesBuildPhase section */

/* Begin PBXSourcesBuildPhase section */
		F80E71382A854914003A3D9C /* Sources */ = {
			isa = PBXSourcesBuildPhase;
			buildActionMask = 2147483647;
			files = (
				F8A12D1D2A857B40009EF9CE /* ProductComponent.swift in Sources */,
				F80E71602A85635D003A3D9C /* PointsBannerView.swift in Sources */,
				F8A12D1F2A858429009EF9CE /* SweetOfferView.swift in Sources */,
				F80E71572A855924003A3D9C /* StoriesView.swift in Sources */,
				F8A12D192A856CBA009EF9CE /* Color.swift in Sources */,
				F80E715B2A855BD8003A3D9C /* RectangleComponent.swift in Sources */,
				F80E715D2A855DC9003A3D9C /* PromotionsView.swift in Sources */,
				F80E71422A854914003A3D9C /* HomeView.swift in Sources */,
				F8A12D212A858DDB009EF9CE /* GeometryReader.swift in Sources */,
				F8A12D232A859214009EF9CE /* RecomendationsView.swift in Sources */,
				F8A12D162A856C84009EF9CE /* SmallPromoComponent.swift in Sources */,
				F80E71532A8551EC003A3D9C /* CircleComponent.swift in Sources */,
				F8A12D1B2A8570FB009EF9CE /* SmallPromoView.swift in Sources */,
				F80E71502A85496B003A3D9C /* Header.swift in Sources */,
				F80E71592A855966003A3D9C /* NavTabView.swift in Sources */,
				F80E71402A854914003A3D9C /* MySparCloneApp.swift in Sources */,
			);
			runOnlyForDeploymentPostprocessing = 0;
		};
/* End PBXSourcesBuildPhase section */

/* Begin XCBuildConfiguration section */
		F80E71482A854915003A3D9C /* Debug */ = {
			isa = XCBuildConfiguration;
			buildSettings = {
				ALWAYS_SEARCH_USER_PATHS = NO;
				CLANG_ANALYZER_NONNULL = YES;
				CLANG_ANALYZER_NUMBER_OBJECT_CONVERSION = YES_AGGRESSIVE;
				CLANG_CXX_LANGUAGE_STANDARD = "gnu++20";
				CLANG_ENABLE_MODULES = YES;
				CLANG_ENABLE_OBJC_ARC = YES;
				CLANG_ENABLE_OBJC_WEAK = YES;
				CLANG_WARN_BLOCK_CAPTURE_AUTORELEASING = YES;
				CLANG_WARN_BOOL_CONVERSION = YES;
				CLANG_WARN_COMMA = YES;
				CLANG_WARN_CONSTANT_CONVERSION = YES;
				CLANG_WARN_DEPRECATED_OBJC_IMPLEMENTATIONS = YES;
				CLANG_WARN_DIRECT_OBJC_ISA_USAGE = YES_ERROR;
				CLANG_WARN_DOCUMENTATION_COMMENTS = YES;
				CLANG_WARN_EMPTY_BODY = YES;
				CLANG_WARN_ENUM_CONVERSION = YES;
				CLANG_WARN_INFINITE_RECURSION = YES;
				CLANG_WARN_INT_CONVERSION = YES;
				CLANG_WARN_NON_LITERAL_NULL_CONVERSION = YES;
				CLANG_WARN_OBJC_IMPLICIT_RETAIN_SELF = YES;
				CLANG_WARN_OBJC_LITERAL_CONVERSION = YES;
				CLANG_WARN_OBJC_ROOT_CLASS = YES_ERROR;
				CLANG_WARN_QUOTED_INCLUDE_IN_FRAMEWORK_HEADER = YES;
				CLANG_WARN_RANGE_LOOP_ANALYSIS = YES;
				CLANG_WARN_STRICT_PROTOTYPES = YES;
				CLANG_WARN_SUSPICIOUS_MOVE = YES;
				CLANG_WARN_UNGUARDED_AVAILABILITY = YES_AGGRESSIVE;
				CLANG_WARN_UNREACHABLE_CODE = YES;
				CLANG_WARN__DUPLICATE_METHOD_MATCH = YES;
				COPY_PHASE_STRIP = NO;
				DEBUG_INFORMATION_FORMAT = dwarf;
				ENABLE_STRICT_OBJC_MSGSEND = YES;
				ENABLE_TESTABILITY = YES;
				GCC_C_LANGUAGE_STANDARD = gnu11;
				GCC_DYNAMIC_NO_PIC = NO;
				GCC_NO_COMMON_BLOCKS = YES;
				GCC_OPTIMIZATION_LEVEL = 0;
				GCC_PREPROCESSOR_DEFINITIONS = (
					"DEBUG=1",
					"$(inherited)",
				);
				GCC_WARN_64_TO_32_BIT_CONVERSION = YES;
				GCC_WARN_ABOUT_RETURN_TYPE = YES_ERROR;
				GCC_WARN_UNDECLARED_SELECTOR = YES;
				GCC_WARN_UNINITIALIZED_AUTOS = YES_AGGRESSIVE;
				GCC_WARN_UNUSED_FUNCTION = YES;
				GCC_WARN_UNUSED_VARIABLE = YES;
				IPHONEOS_DEPLOYMENT_TARGET = 16.4;
				MTL_ENABLE_DEBUG_INFO = INCLUDE_SOURCE;
				MTL_FAST_MATH = YES;
				ONLY_ACTIVE_ARCH = YES;
				SDKROOT = iphoneos;
				SWIFT_ACTIVE_COMPILATION_CONDITIONS = DEBUG;
				SWIFT_OPTIMIZATION_LEVEL = "-Onone";
			};
			name = Debug;
		};
		F80E71492A854915003A3D9C /* Release */ = {
			isa = XCBuildConfiguration;
			buildSettings = {
				ALWAYS_SEARCH_USER_PATHS = NO;
				CLANG_ANALYZER_NONNULL = YES;
				CLANG_ANALYZER_NUMBER_OBJECT_CONVERSION = YES_AGGRESSIVE;
				CLANG_CXX_LANGUAGE_STANDARD = "gnu++20";
				CLANG_ENABLE_MODULES = YES;
				CLANG_ENABLE_OBJC_ARC = YES;
				CLANG_ENABLE_OBJC_WEAK = YES;
				CLANG_WARN_BLOCK_CAPTURE_AUTORELEASING = YES;
				CLANG_WARN_BOOL_CONVERSION = YES;
				CLANG_WARN_COMMA = YES;
				CLANG_WARN_CONSTANT_CONVERSION = YES;
				CLANG_WARN_DEPRECATED_OBJC_IMPLEMENTATIONS = YES;
				CLANG_WARN_DIRECT_OBJC_ISA_USAGE = YES_ERROR;
				CLANG_WARN_DOCUMENTATION_COMMENTS = YES;
				CLANG_WARN_EMPTY_BODY = YES;
				CLANG_WARN_ENUM_CONVERSION = YES;
				CLANG_WARN_INFINITE_RECURSION = YES;
				CLANG_WARN_INT_CONVERSION = YES;
				CLANG_WARN_NON_LITERAL_NULL_CONVERSION = YES;
				CLANG_WARN_OBJC_IMPLICIT_RETAIN_SELF = YES;
				CLANG_WARN_OBJC_LITERAL_CONVERSION = YES;
				CLANG_WARN_OBJC_ROOT_CLASS = YES_ERROR;
				CLANG_WARN_QUOTED_INCLUDE_IN_FRAMEWORK_HEADER = YES;
				CLANG_WARN_RANGE_LOOP_ANALYSIS = YES;
				CLANG_WARN_STRICT_PROTOTYPES = YES;
				CLANG_WARN_SUSPICIOUS_MOVE = YES;
				CLANG_WARN_UNGUARDED_AVAILABILITY = YES_AGGRESSIVE;
				CLANG_WARN_UNREACHABLE_CODE = YES;
				CLANG_WARN__DUPLICATE_METHOD_MATCH = YES;
				COPY_PHASE_STRIP = NO;
				DEBUG_INFORMATION_FORMAT = "dwarf-with-dsym";
				ENABLE_NS_ASSERTIONS = NO;
				ENABLE_STRICT_OBJC_MSGSEND = YES;
				GCC_C_LANGUAGE_STANDARD = gnu11;
				GCC_NO_COMMON_BLOCKS = YES;
				GCC_WARN_64_TO_32_BIT_CONVERSION = YES;
				GCC_WARN_ABOUT_RETURN_TYPE = YES_ERROR;
				GCC_WARN_UNDECLARED_SELECTOR = YES;
				GCC_WARN_UNINITIALIZED_AUTOS = YES_AGGRESSIVE;
				GCC_WARN_UNUSED_FUNCTION = YES;
				GCC_WARN_UNUSED_VARIABLE = YES;
				IPHONEOS_DEPLOYMENT_TARGET = 16.4;
				MTL_ENABLE_DEBUG_INFO = NO;
				MTL_FAST_MATH = YES;
				SDKROOT = iphoneos;
				SWIFT_COMPILATION_MODE = wholemodule;
				SWIFT_OPTIMIZATION_LEVEL = "-O";
				VALIDATE_PRODUCT = YES;
			};
			name = Release;
		};
		F80E714B2A854915003A3D9C /* Debug */ = {
			isa = XCBuildConfiguration;
			buildSettings = {
				ASSETCATALOG_COMPILER_APPICON_NAME = AppIcon;
				ASSETCATALOG_COMPILER_GLOBAL_ACCENT_COLOR_NAME = AccentColor;
				CODE_SIGN_STYLE = Automatic;
				CURRENT_PROJECT_VERSION = 1;
				DEVELOPMENT_ASSET_PATHS = "\"MySparClone/Preview Content\"";
				DEVELOPMENT_TEAM = 4RVQ5686Z7;
				ENABLE_PREVIEWS = YES;
				GENERATE_INFOPLIST_FILE = YES;
				INFOPLIST_KEY_UIApplicationSceneManifest_Generation = YES;
				INFOPLIST_KEY_UIApplicationSupportsIndirectInputEvents = YES;
				INFOPLIST_KEY_UILaunchScreen_Generation = YES;
				INFOPLIST_KEY_UISupportedInterfaceOrientations_iPad = "UIInterfaceOrientationPortrait UIInterfaceOrientationPortraitUpsideDown UIInterfaceOrientationLandscapeLeft UIInterfaceOrientationLandscapeRight";
				INFOPLIST_KEY_UISupportedInterfaceOrientations_iPhone = "UIInterfaceOrientationPortrait UIInterfaceOrientationLandscapeLeft UIInterfaceOrientationLandscapeRight";
				LD_RUNPATH_SEARCH_PATHS = (
					"$(inherited)",
					"@executable_path/Frameworks",
				);
				MARKETING_VERSION = 1.0;
				PRODUCT_BUNDLE_IDENTIFIER = com.keofoxy.MySparClone;
				PRODUCT_NAME = "$(TARGET_NAME)";
				SWIFT_EMIT_LOC_STRINGS = YES;
				SWIFT_VERSION = 5.0;
				TARGETED_DEVICE_FAMILY = "1,2";
			};
			name = Debug;
		};
		F80E714C2A854915003A3D9C /* Release */ = {
			isa = XCBuildConfiguration;
			buildSettings = {
				ASSETCATALOG_COMPILER_APPICON_NAME = AppIcon;
				ASSETCATALOG_COMPILER_GLOBAL_ACCENT_COLOR_NAME = AccentColor;
				CODE_SIGN_STYLE = Automatic;
				CURRENT_PROJECT_VERSION = 1;
				DEVELOPMENT_ASSET_PATHS = "\"MySparClone/Preview Content\"";
				DEVELOPMENT_TEAM = 4RVQ5686Z7;
				ENABLE_PREVIEWS = YES;
				GENERATE_INFOPLIST_FILE = YES;
				INFOPLIST_KEY_UIApplicationSceneManifest_Generation = YES;
				INFOPLIST_KEY_UIApplicationSupportsIndirectInputEvents = YES;
				INFOPLIST_KEY_UILaunchScreen_Generation = YES;
				INFOPLIST_KEY_UISupportedInterfaceOrientations_iPad = "UIInterfaceOrientationPortrait UIInterfaceOrientationPortraitUpsideDown UIInterfaceOrientationLandscapeLeft UIInterfaceOrientationLandscapeRight";
				INFOPLIST_KEY_UISupportedInterfaceOrientations_iPhone = "UIInterfaceOrientationPortrait UIInterfaceOrientationLandscapeLeft UIInterfaceOrientationLandscapeRight";
				LD_RUNPATH_SEARCH_PATHS = (
					"$(inherited)",
					"@executable_path/Frameworks",
				);
				MARKETING_VERSION = 1.0;
				PRODUCT_BUNDLE_IDENTIFIER = com.keofoxy.MySparClone;
				PRODUCT_NAME = "$(TARGET_NAME)";
				SWIFT_EMIT_LOC_STRINGS = YES;
				SWIFT_VERSION = 5.0;
				TARGETED_DEVICE_FAMILY = "1,2";
			};
			name = Release;
		};
/* End XCBuildConfiguration section */

/* Begin XCConfigurationList section */
		F80E71372A854914003A3D9C /* Build configuration list for PBXProject "MySparClone" */ = {
			isa = XCConfigurationList;
			buildConfigurations = (
				F80E71482A854915003A3D9C /* Debug */,
				F80E71492A854915003A3D9C /* Release */,
			);
			defaultConfigurationIsVisible = 0;
			defaultConfigurationName = Release;
		};
		F80E714A2A854915003A3D9C /* Build configuration list for PBXNativeTarget "MySparClone" */ = {
			isa = XCConfigurationList;
			buildConfigurations = (
				F80E714B2A854915003A3D9C /* Debug */,
				F80E714C2A854915003A3D9C /* Release */,
			);
			defaultConfigurationIsVisible = 0;
			defaultConfigurationName = Release;
		};
/* End XCConfigurationList section */
	};
	rootObject = F80E71342A854914003A3D9C /* Project object */;
}
